
Microsoft Visual Studio Solution File, Format Version 12.00
# Visual Studio Version 17
VisualStudioVersion = 17.7.34003.232
MinimumVisualStudioVersion = 10.0.40219.1
Project("{FAE04EC0-301F-11D3-BF4B-00C04F79EFBC}") = "UniqueKeyGeneration", "UniqueKeyGeneration\UniqueKeyGeneration.csproj", "{B028493C-F1D3-4CF6-818A-43DB0B6CFAE1}"
EndProject
Global
	GlobalSection(SolutionConfigurationPlatforms) = preSolution
		Debug|Any CPU = Debug|Any CPU
		Release|Any CPU = Release|Any CPU
	EndGlobalSection
	GlobalSection(ProjectConfigurationPlatforms) = postSolution
		{B028493C-F1D3-4CF6-818A-43DB0B6CFAE1}.Debug|Any CPU.ActiveCfg = Debug|Any CPU
		{B028493C-F1D3-4CF6-818A-43DB0B6CFAE1}.Debug|Any CPU.Build.0 = Debug|Any CPU
		{B028493C-F1D3-4CF6-818A-43DB0B6CFAE1}.Release|Any CPU.ActiveCfg = Release|Any CPU
		{B028493C-F1D3-4CF6-818A-43DB0B6CFAE1}.Release|Any CPU.Build.0 = Release|Any CPU
	EndGlobalSection
	GlobalSection(SolutionProperties) = preSolution
		HideSolutionNode = FALSE
	EndGlobalSection
	GlobalSection(ExtensibilityGlobals) = postSolution
		SolutionGuid = {F4DF70A6-FBFD-4326-B6E7-3C89B29CF6CE}
	EndGlobalSection
EndGlobal
